// !$*UTF8*$!
{
	archiveVersion = 1;
	classes = {
	};
	objectVersion = 46;
	objects = {

/* Begin PBXBuildFile section */
		6FAB3EA319052C2800088E3C /* FirstTestView.m in Sources */ = {isa = PBXBuildFile; fileRef = 6FAB3EA219052C2800088E3C /* FirstTestView.m */; };
		6FAB3EA619052CE300088E3C /* TestFitttttttt.m in Sources */ = {isa = PBXBuildFile; fileRef = 6FAB3EA519052CE300088E3C /* TestFitttttttt.m */; };
		6FAB3EA919052E1400088E3C /* Test11111.m in Sources */ = {isa = PBXBuildFile; fileRef = 6FAB3EA819052E1400088E3C /* Test11111.m */; };
		6FB5DBD719052B5100B714A9 /* Foundation.framework in Frameworks */ = {isa = PBXBuildFile; fileRef = 6FB5DBD619052B5100B714A9 /* Foundation.framework */; };
		6FB5DBD919052B5100B714A9 /* CoreGraphics.framework in Frameworks */ = {isa = PBXBuildFile; fileRef = 6FB5DBD819052B5100B714A9 /* CoreGraphics.framework */; };
		6FB5DBDB19052B5100B714A9 /* UIKit.framework in Frameworks */ = {isa = PBXBuildFile; fileRef = 6FB5DBDA19052B5100B714A9 /* UIKit.framework */; };
		6FB5DBE119052B5100B714A9 /* InfoPlist.strings in Resources */ = {isa = PBXBuildFile; fileRef = 6FB5DBDF19052B5100B714A9 /* InfoPlist.strings */; };
		6FB5DBE319052B5100B714A9 /* main.m in Sources */ = {isa = PBXBuildFile; fileRef = 6FB5DBE219052B5100B714A9 /* main.m */; };
		6FB5DBE719052B5100B714A9 /* TestAppDelegate.m in Sources */ = {isa = PBXBuildFile; fileRef = 6FB5DBE619052B5100B714A9 /* TestAppDelegate.m */; };
		6FB5DBEA19052B5100B714A9 /* Main.storyboard in Resources */ = {isa = PBXBuildFile; fileRef = 6FB5DBE819052B5100B714A9 /* Main.storyboard */; };
		6FB5DBED19052B5100B714A9 /* TestViewController.m in Sources */ = {isa = PBXBuildFile; fileRef = 6FB5DBEC19052B5100B714A9 /* TestViewController.m */; };
		6FB5DBEF19052B5100B714A9 /* Images.xcassets in Resources */ = {isa = PBXBuildFile; fileRef = 6FB5DBEE19052B5100B714A9 /* Images.xcassets */; };
		6FB5DBF619052B5100B714A9 /* XCTest.framework in Frameworks */ = {isa = PBXBuildFile; fileRef = 6FB5DBF519052B5100B714A9 /* XCTest.framework */; };
		6FB5DBF719052B5100B714A9 /* Foundation.framework in Frameworks */ = {isa = PBXBuildFile; fileRef = 6FB5DBD619052B5100B714A9 /* Foundation.framework */; };
		6FB5DBF819052B5100B714A9 /* UIKit.framework in Frameworks */ = {isa = PBXBuildFile; fileRef = 6FB5DBDA19052B5100B714A9 /* UIKit.framework */; };
		6FB5DC0019052B5100B714A9 /* InfoPlist.strings in Resources */ = {isa = PBXBuildFile; fileRef = 6FB5DBFE19052B5100B714A9 /* InfoPlist.strings */; };
		6FB5DC0219052B5100B714A9 /* TestTests.m in Sources */ = {isa = PBXBuildFile; fileRef = 6FB5DC0119052B5100B714A9 /* TestTests.m */; };
		6FB5DC0E19052C8000B714A9 /* Test1.m in Sources */ = {isa = PBXBuildFile; fileRef = 6FB5DC0D19052C8000B714A9 /* Test1.m */; };
/* End PBXBuildFile section */

/* Begin PBXContainerItemProxy section */
		6FB5DBF919052B5100B714A9 /* PBXContainerItemProxy */ = {
			isa = PBXContainerItemProxy;
			containerPortal = 6FB5DBCB19052B5100B714A9 /* Project object */;
			proxyType = 1;
			remoteGlobalIDString = 6FB5DBD219052B5100B714A9;
			remoteInfo = Test;
		};
/* End PBXContainerItemProxy section */

/* Begin PBXFileReference section */
		6FAB3EA119052C2800088E3C /* FirstTestView.h */ = {isa = PBXFileReference; fileEncoding = 4; lastKnownFileType = sourcecode.c.h; path = FirstTestView.h; sourceTree = "<group>"; };
		6FAB3EA219052C2800088E3C /* FirstTestView.m */ = {isa = PBXFileReference; fileEncoding = 4; lastKnownFileType = sourcecode.c.objc; path = FirstTestView.m; sourceTree = "<group>"; };
		6FAB3EA419052CE300088E3C /* TestFitttttttt.h */ = {isa = PBXFileReference; fileEncoding = 4; lastKnownFileType = sourcecode.c.h; path = TestFitttttttt.h; sourceTree = "<group>"; };
		6FAB3EA519052CE300088E3C /* TestFitttttttt.m */ = {isa = PBXFileReference; fileEncoding = 4; lastKnownFileType = sourcecode.c.objc; path = TestFitttttttt.m; sourceTree = "<group>"; };
		6FAB3EA719052E1400088E3C /* Test11111.h */ = {isa = PBXFileReference; fileEncoding = 4; lastKnownFileType = sourcecode.c.h; path = Test11111.h; sourceTree = "<group>"; };
		6FAB3EA819052E1400088E3C /* Test11111.m */ = {isa = PBXFileReference; fileEncoding = 4; lastKnownFileType = sourcecode.c.objc; path = Test11111.m; sourceTree = "<group>"; };
		6FB5DBD319052B5100B714A9 /* Test.app */ = {isa = PBXFileReference; explicitFileType = wrapper.application; includeInIndex = 0; path = Test.app; sourceTree = BUILT_PRODUCTS_DIR; };
		6FB5DBD619052B5100B714A9 /* Foundation.framework */ = {isa = PBXFileReference; lastKnownFileType = wrapper.framework; name = Foundation.framework; path = System/Library/Frameworks/Foundation.framework; sourceTree = SDKROOT; };
		6FB5DBD819052B5100B714A9 /* CoreGraphics.framework */ = {isa = PBXFileReference; lastKnownFileType = wrapper.framework; name = CoreGraphics.framework; path = System/Library/Frameworks/CoreGraphics.framework; sourceTree = SDKROOT; };
		6FB5DBDA19052B5100B714A9 /* UIKit.framework */ = {isa = PBXFileReference; lastKnownFileType = wrapper.framework; name = UIKit.framework; path = System/Library/Frameworks/UIKit.framework; sourceTree = SDKROOT; };
		6FB5DBDE19052B5100B714A9 /* Test-Info.plist */ = {isa = PBXFileReference; lastKnownFileType = text.plist.xml; path = "Test-Info.plist"; sourceTree = "<group>"; };
		6FB5DBE019052B5100B714A9 /* en */ = {isa = PBXFileReference; lastKnownFileType = text.plist.strings; name = en; path = en.lproj/InfoPlist.strings; sourceTree = "<group>"; };
		6FB5DBE219052B5100B714A9 /* main.m */ = {isa = PBXFileReference; lastKnownFileType = sourcecode.c.objc; path = main.m; sourceTree = "<group>"; };
		6FB5DBE419052B5100B714A9 /* Test-Prefix.pch */ = {isa = PBXFileReference; lastKnownFileType = sourcecode.c.h; path = "Test-Prefix.pch"; sourceTree = "<group>"; };
		6FB5DBE519052B5100B714A9 /* TestAppDelegate.h */ = {isa = PBXFileReference; lastKnownFileType = sourcecode.c.h; path = TestAppDelegate.h; sourceTree = "<group>"; };
		6FB5DBE619052B5100B714A9 /* TestAppDelegate.m */ = {isa = PBXFileReference; lastKnownFileType = sourcecode.c.objc; path = TestAppDelegate.m; sourceTree = "<group>"; };
		6FB5DBE919052B5100B714A9 /* Base */ = {isa = PBXFileReference; lastKnownFileType = file.storyboard; name = Base; path = Base.lproj/Main.storyboard; sourceTree = "<group>"; };
		6FB5DBEB19052B5100B714A9 /* TestViewController.h */ = {isa = PBXFileReference; lastKnownFileType = sourcecode.c.h; path = TestViewController.h; sourceTree = "<group>"; };
		6FB5DBEC19052B5100B714A9 /* TestViewController.m */ = {isa = PBXFileReference; lastKnownFileType = sourcecode.c.objc; path = TestViewController.m; sourceTree = "<group>"; };
		6FB5DBEE19052B5100B714A9 /* Images.xcassets */ = {isa = PBXFileReference; lastKnownFileType = folder.assetcatalog; path = Images.xcassets; sourceTree = "<group>"; };
		6FB5DBF419052B5100B714A9 /* TestTests.xctest */ = {isa = PBXFileReference; explicitFileType = wrapper.cfbundle; includeInIndex = 0; path = TestTests.xctest; sourceTree = BUILT_PRODUCTS_DIR; };
		6FB5DBF519052B5100B714A9 /* XCTest.framework */ = {isa = PBXFileReference; lastKnownFileType = wrapper.framework; name = XCTest.framework; path = Library/Frameworks/XCTest.framework; sourceTree = DEVELOPER_DIR; };
		6FB5DBFD19052B5100B714A9 /* TestTests-Info.plist */ = {isa = PBXFileReference; lastKnownFileType = text.plist.xml; path = "TestTests-Info.plist"; sourceTree = "<group>"; };
		6FB5DBFF19052B5100B714A9 /* en */ = {isa = PBXFileReference; lastKnownFileType = text.plist.strings; name = en; path = en.lproj/InfoPlist.strings; sourceTree = "<group>"; };
		6FB5DC0119052B5100B714A9 /* TestTests.m */ = {isa = PBXFileReference; lastKnownFileType = sourcecode.c.objc; path = TestTests.m; sourceTree = "<group>"; };
		6FB5DC0C19052C8000B714A9 /* Test1.h */ = {isa = PBXFileReference; fileEncoding = 4; lastKnownFileType = sourcecode.c.h; path = Test1.h; sourceTree = "<group>"; };
		6FB5DC0D19052C8000B714A9 /* Test1.m */ = {isa = PBXFileReference; fileEncoding = 4; lastKnownFileType = sourcecode.c.objc; path = Test1.m; sourceTree = "<group>"; };
/* End PBXFileReference section */

/* Begin PBXFrameworksBuildPhase section */
		6FB5DBD019052B5100B714A9 /* Frameworks */ = {
			isa = PBXFrameworksBuildPhase;
			buildActionMask = 2147483647;
			files = (
				6FB5DBD919052B5100B714A9 /* CoreGraphics.framework in Frameworks */,
				6FB5DBDB19052B5100B714A9 /* UIKit.framework in Frameworks */,
				6FB5DBD719052B5100B714A9 /* Foundation.framework in Frameworks */,
			);
			runOnlyForDeploymentPostprocessing = 0;
		};
		6FB5DBF119052B5100B714A9 /* Frameworks */ = {
			isa = PBXFrameworksBuildPhase;
			buildActionMask = 2147483647;
			files = (
				6FB5DBF619052B5100B714A9 /* XCTest.framework in Frameworks */,
				6FB5DBF819052B5100B714A9 /* UIKit.framework in Frameworks */,
				6FB5DBF719052B5100B714A9 /* Foundation.framework in Frameworks */,
			);
			runOnlyForDeploymentPostprocessing = 0;
		};
/* End PBXFrameworksBuildPhase section */

/* Begin PBXGroup section */
		6FAB3EA019052C0B00088E3C /* NewGroups */ = {
			isa = PBXGroup;
			children = (
				6FAB3EA119052C2800088E3C /* FirstTestView.h */,
				6FAB3EA219052C2800088E3C /* FirstTestView.m */,
				6FAB3EA419052CE300088E3C /* TestFitttttttt.h */,
				6FAB3EA519052CE300088E3C /* TestFitttttttt.m */,
			);
			name = NewGroups;
			sourceTree = "<group>";
		};
		6FB5DBCA19052B5100B714A9 = {
			isa = PBXGroup;
			children = (
				6FB5DBDC19052B5100B714A9 /* Test */,
				6FB5DBFB19052B5100B714A9 /* TestTests */,
				6FB5DBD519052B5100B714A9 /* Frameworks */,
				6FB5DBD419052B5100B714A9 /* Products */,
			);
			sourceTree = "<group>";
		};
		6FB5DBD419052B5100B714A9 /* Products */ = {
			isa = PBXGroup;
			children = (
				6FB5DBD319052B5100B714A9 /* Test.app */,
				6FB5DBF419052B5100B714A9 /* TestTests.xctest */,
			);
			name = Products;
			sourceTree = "<group>";
		};
		6FB5DBD519052B5100B714A9 /* Frameworks */ = {
			isa = PBXGroup;
			children = (
				6FB5DBD619052B5100B714A9 /* Foundation.framework */,
				6FB5DBD819052B5100B714A9 /* CoreGraphics.framework */,
				6FB5DBDA19052B5100B714A9 /* UIKit.framework */,
				6FB5DBF519052B5100B714A9 /* XCTest.framework */,
			);
			name = Frameworks;
			sourceTree = "<group>";
		};
		6FB5DBDC19052B5100B714A9 /* Test */ = {
			isa = PBXGroup;
			children = (
				6FB5DC0B19052C6C00B714A9 /* test */,
				6FB5DBE519052B5100B714A9 /* TestAppDelegate.h */,
				6FB5DBE619052B5100B714A9 /* TestAppDelegate.m */,
				6FB5DBE819052B5100B714A9 /* Main.storyboard */,
				6FB5DBEB19052B5100B714A9 /* TestViewController.h */,
				6FB5DBEC19052B5100B714A9 /* TestViewController.m */,
				6FAB3EA019052C0B00088E3C /* NewGroups */,
				6FB5DBEE19052B5100B714A9 /* Images.xcassets */,
				6FB5DBDD19052B5100B714A9 /* Supporting Files */,
			);
			path = Test;
			sourceTree = "<group>";
		};
		6FB5DBDD19052B5100B714A9 /* Supporting Files */ = {
			isa = PBXGroup;
			children = (
				6FB5DBDE19052B5100B714A9 /* Test-Info.plist */,
				6FB5DBDF19052B5100B714A9 /* InfoPlist.strings */,
				6FB5DBE219052B5100B714A9 /* main.m */,
				6FB5DBE419052B5100B714A9 /* Test-Prefix.pch */,
			);
			name = "Supporting Files";
			sourceTree = "<group>";
		};
		6FB5DBFB19052B5100B714A9 /* TestTests */ = {
			isa = PBXGroup;
			children = (
				6FB5DC0119052B5100B714A9 /* TestTests.m */,
				6FB5DBFC19052B5100B714A9 /* Supporting Files */,
			);
			path = TestTests;
			sourceTree = "<group>";
		};
		6FB5DBFC19052B5100B714A9 /* Supporting Files */ = {
			isa = PBXGroup;
			children = (
				6FB5DBFD19052B5100B714A9 /* TestTests-Info.plist */,
				6FB5DBFE19052B5100B714A9 /* InfoPlist.strings */,
			);
			name = "Supporting Files";
			sourceTree = "<group>";
		};
		6FB5DC0B19052C6C00B714A9 /* test */ = {
			isa = PBXGroup;
			children = (
				6FB5DC0C19052C8000B714A9 /* Test1.h */,
				6FB5DC0D19052C8000B714A9 /* Test1.m */,
				6FAB3EA719052E1400088E3C /* Test11111.h */,
				6FAB3EA819052E1400088E3C /* Test11111.m */,
			);
			name = test;
			sourceTree = "<group>";
		};
/* End PBXGroup section */

/* Begin PBXNativeTarget section */
		6FB5DBD219052B5100B714A9 /* Test */ = {
			isa = PBXNativeTarget;
			buildConfigurationList = 6FB5DC0519052B5100B714A9 /* Build configuration list for PBXNativeTarget "Test" */;
			buildPhases = (
				6FB5DBCF19052B5100B714A9 /* Sources */,
				6FB5DBD019052B5100B714A9 /* Frameworks */,
				6FB5DBD119052B5100B714A9 /* Resources */,
			);
			buildRules = (
			);
			dependencies = (
			);
			name = Test;
			productName = Test;
			productReference = 6FB5DBD319052B5100B714A9 /* Test.app */;
			productType = "com.apple.product-type.application";
		};
		6FB5DBF319052B5100B714A9 /* TestTests */ = {
			isa = PBXNativeTarget;
			buildConfigurationList = 6FB5DC0819052B5100B714A9 /* Build configuration list for PBXNativeTarget "TestTests" */;
			buildPhases = (
				6FB5DBF019052B5100B714A9 /* Sources */,
				6FB5DBF119052B5100B714A9 /* Frameworks */,
				6FB5DBF219052B5100B714A9 /* Resources */,
			);
			buildRules = (
			);
			dependencies = (
				6FB5DBFA19052B5100B714A9 /* PBXTargetDependency */,
			);
			name = TestTests;
			productName = TestTests;
			productReference = 6FB5DBF419052B5100B714A9 /* TestTests.xctest */;
			productType = "com.apple.product-type.bundle.unit-test";
		};
/* End PBXNativeTarget section */

/* Begin PBXProject section */
		6FB5DBCB19052B5100B714A9 /* Project object */ = {
			isa = PBXProject;
			attributes = {
				CLASSPREFIX = Test;
				LastUpgradeCheck = 0510;
				ORGANIZATIONNAME = com.rcplatformhk;
				TargetAttributes = {
					6FB5DBF319052B5100B714A9 = {
						TestTargetID = 6FB5DBD219052B5100B714A9;
					};
				};
			};
			buildConfigurationList = 6FB5DBCE19052B5100B714A9 /* Build configuration list for PBXProject "Test" */;
			compatibilityVersion = "Xcode 3.2";
			developmentRegion = English;
			hasScannedForEncodings = 0;
			knownRegions = (
				en,
				Base,
			);
			mainGroup = 6FB5DBCA19052B5100B714A9;
			productRefGroup = 6FB5DBD419052B5100B714A9 /* Products */;
			projectDirPath = "";
			projectRoot = "";
			targets = (
				6FB5DBD219052B5100B714A9 /* Test */,
				6FB5DBF319052B5100B714A9 /* TestTests */,
			);
		};
/* End PBXProject section */

/* Begin PBXResourcesBuildPhase section */
		6FB5DBD119052B5100B714A9 /* Resources */ = {
			isa = PBXResourcesBuildPhase;
			buildActionMask = 2147483647;
			files = (
				6FB5DBEF19052B5100B714A9 /* Images.xcassets in Resources */,
				6FB5DBE119052B5100B714A9 /* InfoPlist.strings in Resources */,
				6FB5DBEA19052B5100B714A9 /* Main.storyboard in Resources */,
			);
			runOnlyForDeploymentPostprocessing = 0;
		};
		6FB5DBF219052B5100B714A9 /* Resources */ = {
			isa = PBXResourcesBuildPhase;
			buildActionMask = 2147483647;
			files = (
				6FB5DC0019052B5100B714A9 /* InfoPlist.strings in Resources */,
			);
			runOnlyForDeploymentPostprocessing = 0;
		};
/* End PBXResourcesBuildPhase section */

/* Begin PBXSourcesBuildPhase section */
		6FB5DBCF19052B5100B714A9 /* Sources */ = {
			isa = PBXSourcesBuildPhase;
			buildActionMask = 2147483647;
			files = (
				6FB5DBED19052B5100B714A9 /* TestViewController.m in Sources */,
				6FAB3EA319052C2800088E3C /* FirstTestView.m in Sources */,
				6FAB3EA619052CE300088E3C /* TestFitttttttt.m in Sources */,
				6FB5DC0E19052C8000B714A9 /* Test1.m in Sources */,
				6FAB3EA919052E1400088E3C /* Test11111.m in Sources */,
				6FB5DBE719052B5100B714A9 /* TestAppDelegate.m in Sources */,
				6FB5DBE319052B5100B714A9 /* main.m in Sources */,
			);
			runOnlyForDeploymentPostprocessing = 0;
		};
		6FB5DBF019052B5100B714A9 /* Sources */ = {
			isa = PBXSourcesBuildPhase;
			buildActionMask = 2147483647;
			files = (
				6FB5DC0219052B5100B714A9 /* TestTests.m in Sources */,
			);
			runOnlyForDeploymentPostprocessing = 0;
		};
/* End PBXSourcesBuildPhase section */

/* Begin PBXTargetDependency section */
		6FB5DBFA19052B5100B714A9 /* PBXTargetDependency */ = {
			isa = PBXTargetDependency;
			target = 6FB5DBD219052B5100B714A9 /* Test */;
			targetProxy = 6FB5DBF919052B5100B714A9 /* PBXContainerItemProxy */;
		};
/* End PBXTargetDependency section */

/* Begin PBXVariantGroup section */
		6FB5DBDF19052B5100B714A9 /* InfoPlist.strings */ = {
			isa = PBXVariantGroup;
			children = (
				6FB5DBE019052B5100B714A9 /* en */,
			);
			name = InfoPlist.strings;
			sourceTree = "<group>";
		};
		6FB5DBE819052B5100B714A9 /* Main.storyboard */ = {
			isa = PBXVariantGroup;
			children = (
				6FB5DBE919052B5100B714A9 /* Base */,
			);
			name = Main.storyboard;
			sourceTree = "<group>";
		};
		6FB5DBFE19052B5100B714A9 /* InfoPlist.strings */ = {
			isa = PBXVariantGroup;
			children = (
				6FB5DBFF19052B5100B714A9 /* en */,
			);
			name = InfoPlist.strings;
			sourceTree = "<group>";
		};
/* End PBXVariantGroup section */

/* Begin XCBuildConfiguration section */
		6FB5DC0319052B5100B714A9 /* Debug */ = {
			isa = XCBuildConfiguration;
			buildSettings = {
				ALWAYS_SEARCH_USER_PATHS = NO;
				CLANG_CXX_LANGUAGE_STANDARD = "gnu++0x";
				CLANG_CXX_LIBRARY = "libc++";
				CLANG_ENABLE_MODULES = YES;
				CLANG_ENABLE_OBJC_ARC = YES;
				CLANG_WARN_BOOL_CONVERSION = YES;
				CLANG_WARN_CONSTANT_CONVERSION = YES;
				CLANG_WARN_DIRECT_OBJC_ISA_USAGE = YES_ERROR;
				CLANG_WARN_EMPTY_BODY = YES;
				CLANG_WARN_ENUM_CONVERSION = YES;
				CLANG_WARN_INT_CONVERSION = YES;
				CLANG_WARN_OBJC_ROOT_CLASS = YES_ERROR;
				CLANG_WARN__DUPLICATE_METHOD_MATCH = YES;
				"CODE_SIGN_IDENTITY[sdk=iphoneos*]" = "iPhone Developer";
				COPY_PHASE_STRIP = NO;
				GCC_C_LANGUAGE_STANDARD = gnu99;
				GCC_DYNAMIC_NO_PIC = NO;
				GCC_OPTIMIZATION_LEVEL = 0;
				GCC_PREPROCESSOR_DEFINITIONS = (
					"DEBUG=1",
					"$(inherited)",
				);
				GCC_SYMBOLS_PRIVATE_EXTERN = NO;
				GCC_WARN_64_TO_32_BIT_CONVERSION = YES;
				GCC_WARN_ABOUT_RETURN_TYPE = YES_ERROR;
				GCC_WARN_UNDECLARED_SELECTOR = YES;
				GCC_WARN_UNINITIALIZED_AUTOS = YES_AGGRESSIVE;
				GCC_WARN_UNUSED_FUNCTION = YES;
				GCC_WARN_UNUSED_VARIABLE = YES;
				IPHONEOS_DEPLOYMENT_TARGET = 7.1;
				ONLY_ACTIVE_ARCH = YES;
				SDKROOT = iphoneos;
			};
			name = Debug;
		};
		6FB5DC0419052B5100B714A9 /* Release */ = {
			isa = XCBuildConfiguration;
			buildSettings = {
				ALWAYS_SEARCH_USER_PATHS = NO;
				CLANG_CXX_LANGUAGE_STANDARD = "gnu++0x";
				CLANG_CXX_LIBRARY = "libc++";
				CLANG_ENABLE_MODULES = YES;
				CLANG_ENABLE_OBJC_ARC = YES;
				CLANG_WARN_BOOL_CONVERSION = YES;
				CLANG_WARN_CONSTANT_CONVERSION = YES;
				CLANG_WARN_DIRECT_OBJC_ISA_USAGE = YES_ERROR;
				CLANG_WARN_EMPTY_BODY = YES;
				CLANG_WARN_ENUM_CONVERSION = YES;
				CLANG_WARN_INT_CONVERSION = YES;
				CLANG_WARN_OBJC_ROOT_CLASS = YES_ERROR;
				CLANG_WARN__DUPLICATE_METHOD_MATCH = YES;
				"CODE_SIGN_IDENTITY[sdk=iphoneos*]" = "iPhone Developer";
				COPY_PHASE_STRIP = YES;
				ENABLE_NS_ASSERTIONS = NO;
				GCC_C_LANGUAGE_STANDARD = gnu99;
				GCC_WARN_64_TO_32_BIT_CONVERSION = YES;
				GCC_WARN_ABOUT_RETURN_TYPE = YES_ERROR;
				GCC_WARN_UNDECLARED_SELECTOR = YES;
				GCC_WARN_UNINITIALIZED_AUTOS = YES_AGGRESSIVE;
				GCC_WARN_UNUSED_FUNCTION = YES;
				GCC_WARN_UNUSED_VARIABLE = YES;
				IPHONEOS_DEPLOYMENT_TARGET = 7.1;
				SDKROOT = iphoneos;
				VALIDATE_PRODUCT = YES;
			};
			name = Release;
		};
		6FB5DC0619052B5100B714A9 /* Debug */ = {
			isa = XCBuildConfiguration;
			buildSettings = {
				ASSETCATALOG_COMPILER_APPICON_NAME = AppIcon;
				ASSETCATALOG_COMPILER_LAUNCHIMAGE_NAME = LaunchImage;
				GCC_PRECOMPILE_PREFIX_HEADER = YES;
				GCC_PREFIX_HEADER = "Test/Test-Prefix.pch";
				INFOPLIST_FILE = "Test/Test-Info.plist";
				PRODUCT_NAME = "$(TARGET_NAME)";
				WRAPPER_EXTENSION = app;
			};
			name = Debug;
		};
		6FB5DC0719052B5100B714A9 /* Release */ = {
			isa = XCBuildConfiguration;
			buildSettings = {
				ASSETCATALOG_COMPILER_APPICON_NAME = AppIcon;
				ASSETCATALOG_COMPILER_LAUNCHIMAGE_NAME = LaunchImage;
				GCC_PRECOMPILE_PREFIX_HEADER = YES;
				GCC_PREFIX_HEADER = "Test/Test-Prefix.pch";
				INFOPLIST_FILE = "Test/Test-Info.plist";
				PRODUCT_NAME = "$(TARGET_NAME)";
				WRAPPER_EXTENSION = app;
			};
			name = Release;
		};
		6FB5DC0919052B5100B714A9 /* Debug */ = {
			isa = XCBuildConfiguration;
			buildSettings = {
				BUNDLE_LOADER = "$(BUILT_PRODUCTS_DIR)/Test.app/Test";
				FRAMEWORK_SEARCH_PATHS = (
					"$(SDKROOT)/Developer/Library/Frameworks",
					"$(inherited)",
					"$(DEVELOPER_FRAMEWORKS_DIR)",
				);
				GCC_PRECOMPILE_PREFIX_HEADER = YES;
				GCC_PREFIX_HEADER = "Test/Test-Prefix.pch";
				GCC_PREPROCESSOR_DEFINITIONS = (
					"DEBUG=1",
					"$(inherited)",
				);
				INFOPLIST_FILE = "TestTests/TestTests-Info.plist";
				PRODUCT_NAME = "$(TARGET_NAME)";
				TEST_HOST = "$(BUNDLE_LOADER)";
				WRAPPER_EXTENSION = xctest;
			};
			name = Debug;
		};
		6FB5DC0A19052B5100B714A9 /* Release */ = {
			isa = XCBuildConfiguration;
			buildSettings = {
				BUNDLE_LOADER = "$(BUILT_PRODUCTS_DIR)/Test.app/Test";
				FRAMEWORK_SEARCH_PATHS = (
					"$(SDKROOT)/Developer/Library/Frameworks",
					"$(inherited)",
					"$(DEVELOPER_FRAMEWORKS_DIR)",
				);
				GCC_PRECOMPILE_PREFIX_HEADER = YES;
				GCC_PREFIX_HEADER = "Test/Test-Prefix.pch";
				INFOPLIST_FILE = "TestTests/TestTests-Info.plist";
				PRODUCT_NAME = "$(TARGET_NAME)";
				TEST_HOST = "$(BUNDLE_LOADER)";
				WRAPPER_EXTENSION = xctest;
			};
			name = Release;
		};
/* End XCBuildConfiguration section */

/* Begin XCConfigurationList section */
		6FB5DBCE19052B5100B714A9 /* Build configuration list for PBXProject "Test" */ = {
			isa = XCConfigurationList;
			buildConfigurations = (
				6FB5DC0319052B5100B714A9 /* Debug */,
				6FB5DC0419052B5100B714A9 /* Release */,
			);
			defaultConfigurationIsVisible = 0;
			defaultConfigurationName = Release;
		};
		6FB5DC0519052B5100B714A9 /* Build configuration list for PBXNativeTarget "Test" */ = {
			isa = XCConfigurationList;
			buildConfigurations = (
				6FB5DC0619052B5100B714A9 /* Debug */,
				6FB5DC0719052B5100B714A9 /* Release */,
			);
			defaultConfigurationIsVisible = 0;
			defaultConfigurationName = Release;
		};
		6FB5DC0819052B5100B714A9 /* Build configuration list for PBXNativeTarget "TestTests" */ = {
			isa = XCConfigurationList;
			buildConfigurations = (
				6FB5DC0919052B5100B714A9 /* Debug */,
				6FB5DC0A19052B5100B714A9 /* Release */,
			);
			defaultConfigurationIsVisible = 0;
			defaultConfigurationName = Release;
		};
/* End XCConfigurationList section */
	};
	rootObject = 6FB5DBCB19052B5100B714A9 /* Project object */;
}
